
Microsoft Visual Studio Solution File, Format Version 12.00
# Visual Studio 15
VisualStudioVersion = 15.0.27130.2027
MinimumVisualStudioVersion = 10.0.40219.1
Project("{FAE04EC0-301F-11D3-BF4B-00C04F79EFBC}") = "lab1_rectangle", "lab1_rectangle\lab1_rectangle.csproj", "{7D500FDD-DE1B-4876-9E7A-6C03DDDB87AC}"
EndProject
Global
	GlobalSection(SolutionConfigurationPlatforms) = preSolution
		Debug|Any CPU = Debug|Any CPU
		Release|Any CPU = Release|Any CPU
	EndGlobalSection
	GlobalSection(ProjectConfigurationPlatforms) = postSolution
		{7D500FDD-DE1B-4876-9E7A-6C03DDDB87AC}.Debug|Any CPU.ActiveCfg = Debug|Any CPU
		{7D500FDD-DE1B-4876-9E7A-6C03DDDB87AC}.Debug|Any CPU.Build.0 = Debug|Any CPU
		{7D500FDD-DE1B-4876-9E7A-6C03DDDB87AC}.Release|Any CPU.ActiveCfg = Release|Any CPU
		{7D500FDD-DE1B-4876-9E7A-6C03DDDB87AC}.Release|Any CPU.Build.0 = Release|Any CPU
	EndGlobalSection
	GlobalSection(SolutionProperties) = preSolution
		HideSolutionNode = FALSE
	EndGlobalSection
	GlobalSection(ExtensibilityGlobals) = postSolution
		SolutionGuid = {EC800BB8-A656-48FB-8071-93FE64280959}
	EndGlobalSection
EndGlobal
