
Microsoft Visual Studio Solution File, Format Version 12.00
# Visual Studio 15
VisualStudioVersion = 15.0.27130.2027
MinimumVisualStudioVersion = 10.0.40219.1
Project("{FAE04EC0-301F-11D3-BF4B-00C04F79EFBC}") = "lab1_circle", "lab1_circle\lab1_circle.csproj", "{EBE0356D-2823-492A-9485-B7E664B6AB9B}"
EndProject
Global
	GlobalSection(SolutionConfigurationPlatforms) = preSolution
		Debug|Any CPU = Debug|Any CPU
		Release|Any CPU = Release|Any CPU
	EndGlobalSection
	GlobalSection(ProjectConfigurationPlatforms) = postSolution
		{EBE0356D-2823-492A-9485-B7E664B6AB9B}.Debug|Any CPU.ActiveCfg = Debug|Any CPU
		{EBE0356D-2823-492A-9485-B7E664B6AB9B}.Debug|Any CPU.Build.0 = Debug|Any CPU
		{EBE0356D-2823-492A-9485-B7E664B6AB9B}.Release|Any CPU.ActiveCfg = Release|Any CPU
		{EBE0356D-2823-492A-9485-B7E664B6AB9B}.Release|Any CPU.Build.0 = Release|Any CPU
	EndGlobalSection
	GlobalSection(SolutionProperties) = preSolution
		HideSolutionNode = FALSE
	EndGlobalSection
	GlobalSection(ExtensibilityGlobals) = postSolution
		SolutionGuid = {1FFA4336-BBC9-4FC9-BD1C-B8D8FF5F3A1F}
	EndGlobalSection
EndGlobal
