
Microsoft Visual Studio Solution File, Format Version 12.00
# Visual Studio 15
VisualStudioVersion = 15.0.27130.2027
MinimumVisualStudioVersion = 10.0.40219.1
Project("{FAE04EC0-301F-11D3-BF4B-00C04F79EFBC}") = "lab1_studen_class", "lab1_studen_class\lab1_studen_class.csproj", "{95E7A5E8-2295-471F-A8B6-D14287B63D86}"
EndProject
Global
	GlobalSection(SolutionConfigurationPlatforms) = preSolution
		Debug|Any CPU = Debug|Any CPU
		Release|Any CPU = Release|Any CPU
	EndGlobalSection
	GlobalSection(ProjectConfigurationPlatforms) = postSolution
		{95E7A5E8-2295-471F-A8B6-D14287B63D86}.Debug|Any CPU.ActiveCfg = Debug|Any CPU
		{95E7A5E8-2295-471F-A8B6-D14287B63D86}.Debug|Any CPU.Build.0 = Debug|Any CPU
		{95E7A5E8-2295-471F-A8B6-D14287B63D86}.Release|Any CPU.ActiveCfg = Release|Any CPU
		{95E7A5E8-2295-471F-A8B6-D14287B63D86}.Release|Any CPU.Build.0 = Release|Any CPU
	EndGlobalSection
	GlobalSection(SolutionProperties) = preSolution
		HideSolutionNode = FALSE
	EndGlobalSection
	GlobalSection(ExtensibilityGlobals) = postSolution
		SolutionGuid = {84BDB6E7-E242-4B1F-8CF0-E82E79F27B5A}
	EndGlobalSection
EndGlobal
